
Microsoft Visual Studio Solution File, Format Version 11.00
# Visual Studio 2010
Project("{FAE04EC0-301F-11D3-BF4B-00C04F79EFBC}") = "Assembly-CSharp", "Assembly-CSharp.csproj", "{B5F36AE1-F515-5947-E386-3AE57D82C10E}"
EndProject
Project("{FAE04EC0-301F-11D3-BF4B-00C04F79EFBC}") = "Assembly-CSharp-firstpass", "Assembly-CSharp-firstpass.csproj", "{24B26652-B571-21C3-24B0-1A896E935E5B}"
EndProject
Project("{FAE04EC0-301F-11D3-BF4B-00C04F79EFBC}") = "Assembly-CSharp-Editor", "Assembly-CSharp-Editor.csproj", "{07307799-0A03-2B62-19F5-C39F174C89A4}"
EndProject
Project("{FAE04EC0-301F-11D3-BF4B-00C04F79EFBC}") = "Assembly-CSharp-Editor-firstpass", "Assembly-CSharp-Editor-firstpass.csproj", "{CC48DA1C-7FD7-280F-3B23-7585E774BA0A}"
EndProject
Global
	GlobalSection(SolutionConfigurationPlatforms) = preSolution
		Debug|Any CPU = Debug|Any CPU
		Release|Any CPU = Release|Any CPU
	EndGlobalSection
	GlobalSection(ProjectConfigurationPlatforms) = postSolution
		{B5F36AE1-F515-5947-E386-3AE57D82C10E}.Debug|Any CPU.ActiveCfg = Debug|Any CPU
		{B5F36AE1-F515-5947-E386-3AE57D82C10E}.Debug|Any CPU.Build.0 = Debug|Any CPU
		{B5F36AE1-F515-5947-E386-3AE57D82C10E}.Release|Any CPU.ActiveCfg = Release|Any CPU
		{B5F36AE1-F515-5947-E386-3AE57D82C10E}.Release|Any CPU.Build.0 = Release|Any CPU
		{24B26652-B571-21C3-24B0-1A896E935E5B}.Debug|Any CPU.ActiveCfg = Debug|Any CPU
		{24B26652-B571-21C3-24B0-1A896E935E5B}.Debug|Any CPU.Build.0 = Debug|Any CPU
		{24B26652-B571-21C3-24B0-1A896E935E5B}.Release|Any CPU.ActiveCfg = Release|Any CPU
		{24B26652-B571-21C3-24B0-1A896E935E5B}.Release|Any CPU.Build.0 = Release|Any CPU
		{07307799-0A03-2B62-19F5-C39F174C89A4}.Debug|Any CPU.ActiveCfg = Debug|Any CPU
		{07307799-0A03-2B62-19F5-C39F174C89A4}.Debug|Any CPU.Build.0 = Debug|Any CPU
		{07307799-0A03-2B62-19F5-C39F174C89A4}.Release|Any CPU.ActiveCfg = Release|Any CPU
		{07307799-0A03-2B62-19F5-C39F174C89A4}.Release|Any CPU.Build.0 = Release|Any CPU
		{CC48DA1C-7FD7-280F-3B23-7585E774BA0A}.Debug|Any CPU.ActiveCfg = Debug|Any CPU
		{CC48DA1C-7FD7-280F-3B23-7585E774BA0A}.Debug|Any CPU.Build.0 = Debug|Any CPU
		{CC48DA1C-7FD7-280F-3B23-7585E774BA0A}.Release|Any CPU.ActiveCfg = Release|Any CPU
		{CC48DA1C-7FD7-280F-3B23-7585E774BA0A}.Release|Any CPU.Build.0 = Release|Any CPU
	EndGlobalSection
	GlobalSection(SolutionProperties) = preSolution
		HideSolutionNode = FALSE
	EndGlobalSection
EndGlobal
