
Microsoft Visual Studio Solution File, Format Version 11.00
# Visual Studio 2010
Project("{FAE04EC0-301F-11D3-BF4B-00C04F79EFBC}") = "Assembly-CSharp", "Assembly-CSharp.csproj", "{920EB0DB-5D72-4115-BF6F-329820A78533}"
EndProject
Project("{FAE04EC0-301F-11D3-BF4B-00C04F79EFBC}") = "Assembly-CSharp-Editor", "Assembly-CSharp-Editor.csproj", "{AF679D3F-28B0-52DD-FB59-7D6D2C1CB3B1}"
EndProject
Global
	GlobalSection(SolutionConfigurationPlatforms) = preSolution
		Debug|Any CPU = Debug|Any CPU
		Release|Any CPU = Release|Any CPU
	EndGlobalSection
	GlobalSection(ProjectConfigurationPlatforms) = postSolution
		{920EB0DB-5D72-4115-BF6F-329820A78533}.Debug|Any CPU.ActiveCfg = Debug|Any CPU
		{920EB0DB-5D72-4115-BF6F-329820A78533}.Debug|Any CPU.Build.0 = Debug|Any CPU
		{920EB0DB-5D72-4115-BF6F-329820A78533}.Release|Any CPU.ActiveCfg = Release|Any CPU
		{920EB0DB-5D72-4115-BF6F-329820A78533}.Release|Any CPU.Build.0 = Release|Any CPU
		{AF679D3F-28B0-52DD-FB59-7D6D2C1CB3B1}.Debug|Any CPU.ActiveCfg = Debug|Any CPU
		{AF679D3F-28B0-52DD-FB59-7D6D2C1CB3B1}.Debug|Any CPU.Build.0 = Debug|Any CPU
		{AF679D3F-28B0-52DD-FB59-7D6D2C1CB3B1}.Release|Any CPU.ActiveCfg = Release|Any CPU
		{AF679D3F-28B0-52DD-FB59-7D6D2C1CB3B1}.Release|Any CPU.Build.0 = Release|Any CPU
	EndGlobalSection
	GlobalSection(SolutionProperties) = preSolution
		HideSolutionNode = FALSE
	EndGlobalSection
EndGlobal
